{
  "name": "threeohfour",
  "version": "1.0.0",
  "lockfileVersion": 1,
  "requires": true,
  "dependencies": {
    "bogart": {
      "version": "0.7.3",
      "resolved": "https://registry.npmjs.org/bogart/-/bogart-0.7.3.tgz",
      "integrity": "sha1-bSglvTdSc5AlE+FJKopsLFfbbCI=",
      "requires": {
        "bogart-injector": "0.2.1",
        "commander": "2.13.0",
        "inflect": "0.3.0",
        "jsgi": "github:notduncansmith/jsgi-node#9698652c40ff9b218c9aebce594058eb60e387ef",
        "mkdirp": "0.5.1",
        "mustache": "0.7.2",
        "negotiator": "0.4.9",
        "node-uuid": "1.4.8",
        "oauth": "0.9.5",
        "parted": "git://github.com/soitgoes/parted.git#f7936211711188b80573c1f4cf7b1d4699639fee",
        "q": "0.9.6",
        "request": "2.2.9",
        "sinon": "1.5.2",
        "underscore": "1.8.3"
      }
    },
    "bogart-injector": {
      "version": "0.2.1",
      "resolved": "https://registry.npmjs.org/bogart-injector/-/bogart-injector-0.2.1.tgz",
      "integrity": "sha1-J5mHmclk0SkcXYdsWd17CzbK/8E=",
      "requires": {
        "collections": "0.2.2",
        "underscore": "1.6.0"
      },
      "dependencies": {
        "underscore": {
          "version": "1.6.0",
          "resolved": "https://registry.npmjs.org/underscore/-/underscore-1.6.0.tgz",
          "integrity": "sha1-izixDKze9jM3uLJOT/htRa6lKag="
        }
      }
    },
    "buster-core": {
      "version": "0.6.4",
      "resolved": "https://registry.npmjs.org/buster-core/-/buster-core-0.6.4.tgz",
      "integrity": "sha1-J79rrWdCROpyDzEdkAoMoct4YFA="
    },
    "buster-format": {
      "version": "0.5.6",
      "resolved": "https://registry.npmjs.org/buster-format/-/buster-format-0.5.6.tgz",
      "integrity": "sha1-K4bDIuz14bCubm55Bev884fSq5U=",
      "requires": {
        "buster-core": "0.6.4"
      }
    },
    "collections": {
      "version": "0.2.2",
      "resolved": "https://registry.npmjs.org/collections/-/collections-0.2.2.tgz",
      "integrity": "sha1-HyMCay7zb5J+7MkB6ZxfDUj6M04=",
      "requires": {
        "weak-map": "1.0.0"
      }
    },
    "commander": {
      "version": "2.13.0",
      "resolved": "https://registry.npmjs.org/commander/-/commander-2.13.0.tgz",
      "integrity": "sha512-MVuS359B+YzaWqjCL/c+22gfryv+mCBPHAv3zyVI2GN8EY6IRP8VwtasXn8jyyhvvq84R4ImN1OKRtcbIasjYA=="
    },
    "inflect": {
      "version": "0.3.0",
      "resolved": "https://registry.npmjs.org/inflect/-/inflect-0.3.0.tgz",
      "integrity": "sha1-gdDqqja1CmAjC3UQBIs5xBQv5So="
    },
    "jsgi": {
      "version": "github:notduncansmith/jsgi-node#9698652c40ff9b218c9aebce594058eb60e387ef"
    },
    "minimist": {
      "version": "0.0.8",
      "resolved": "https://registry.npmjs.org/minimist/-/minimist-0.0.8.tgz",
      "integrity": "sha1-hX/Kv8M5fSYluCKCYuhqp6ARsF0="
    },
    "mkdirp": {
      "version": "0.5.1",
      "resolved": "https://registry.npmjs.org/mkdirp/-/mkdirp-0.5.1.tgz",
      "integrity": "sha1-MAV0OOrGz3+MR2fzhkjWaX11yQM=",
      "requires": {
        "minimist": "0.0.8"
      }
    },
    "mustache": {
      "version": "0.7.2",
      "resolved": "https://registry.npmjs.org/mustache/-/mustache-0.7.2.tgz",
      "integrity": "sha1-uuMsuBgWSIqx/9BHd7G7Bw5tY+s="
    },
    "negotiator": {
      "version": "0.4.9",
      "resolved": "https://registry.npmjs.org/negotiator/-/negotiator-0.4.9.tgz",
      "integrity": "sha1-kuRrbbU8fkIe1koryU8IvnYw3z8="
    },
    "node-uuid": {
      "version": "1.4.8",
      "resolved": "https://registry.npmjs.org/node-uuid/-/node-uuid-1.4.8.tgz",
      "integrity": "sha1-sEDrCSOWivq/jTL7HxfxFn/auQc="
    },
    "oauth": {
      "version": "0.9.5",
      "resolved": "https://registry.npmjs.org/oauth/-/oauth-0.9.5.tgz",
      "integrity": "sha1-wVHmlpJmji18GYBNlxxkJ8bXSq4="
    },
    "parted": {
      "version": "git://github.com/soitgoes/parted.git#f7936211711188b80573c1f4cf7b1d4699639fee"
    },
    "q": {
      "version": "0.9.6",
      "resolved": "https://registry.npmjs.org/q/-/q-0.9.6.tgz",
      "integrity": "sha1-WISyFUvbO21XZeD6/dyxUG4TNhk="
    },
    "request": {
      "version": "2.2.9",
      "resolved": "https://registry.npmjs.org/request/-/request-2.2.9.tgz",
      "integrity": "sha1-77+K+/5/HiANSDuZdStsQrQEoPE="
    },
    "sinon": {
      "version": "1.5.2",
      "resolved": "https://registry.npmjs.org/sinon/-/sinon-1.5.2.tgz",
      "integrity": "sha1-nKvGx4vfRF1/gxHVSWhi+VRoxPg=",
      "requires": {
        "buster-format": "0.5.6"
      }
    },
    "underscore": {
      "version": "1.8.3",
      "resolved": "https://registry.npmjs.org/underscore/-/underscore-1.8.3.tgz",
      "integrity": "sha1-Tz+1OxBuYJf8+ctBCfKl6b36UCI="
    },
    "weak-map": {
      "version": "1.0.0",
      "resolved": "https://registry.npmjs.org/weak-map/-/weak-map-1.0.0.tgz",
      "integrity": "sha1-tm5Wqd8L0lp2u/G1FNsSkIBhSjc="
    }
  }
}
